
Microsoft Visual Studio Solution File, Format Version 11.00
# Visual Studio 2010
Project("{FAE04EC0-301F-11D3-BF4B-00C04F79EFBC}") = "Assembly-CSharp", "Assembly-CSharp.csproj", "{28784b82-8526-d03b-ffbe-6fb2995a9d72}"
EndProject
Project("{FAE04EC0-301F-11D3-BF4B-00C04F79EFBC}") = "lootlocker.lootlockersdk.runtime", "lootlocker.lootlockersdk.runtime.csproj", "{df8b043b-e63e-2463-26b0-9264c8950bc0}"
EndProject
Project("{FAE04EC0-301F-11D3-BF4B-00C04F79EFBC}") = "UnityEngine.TestRunner", "UnityEngine.TestRunner.csproj", "{f7516a84-ed43-382a-fe68-7afd18dcb2ee}"
EndProject
Project("{FAE04EC0-301F-11D3-BF4B-00C04F79EFBC}") = "Unity.VisualScripting.Flow", "Unity.VisualScripting.Flow.csproj", "{6101ed82-6d50-0859-e063-13c08772f69d}"
EndProject
Project("{FAE04EC0-301F-11D3-BF4B-00C04F79EFBC}") = "Unity.Mathematics", "Unity.Mathematics.csproj", "{6501dba9-e602-ff9d-ec04-f88eb188689d}"
EndProject
Project("{FAE04EC0-301F-11D3-BF4B-00C04F79EFBC}") = "Unity.InputSystem", "Unity.InputSystem.csproj", "{d7e98942-6189-b4f5-c699-4e73025e48ab}"
EndProject
Project("{FAE04EC0-301F-11D3-BF4B-00C04F79EFBC}") = "Unity.VisualScripting.State", "Unity.VisualScripting.State.csproj", "{1f4f5252-e4f4-57ec-3195-c16bf0cbb6f2}"
EndProject
Project("{FAE04EC0-301F-11D3-BF4B-00C04F79EFBC}") = "Unity.VisualScripting.Core", "Unity.VisualScripting.Core.csproj", "{e6e9faa7-aac7-3260-9832-247665057f88}"
EndProject
Project("{FAE04EC0-301F-11D3-BF4B-00C04F79EFBC}") = "MyBox", "MyBox.csproj", "{060e1f7b-ab1a-5e4f-354d-70e44a1dfa9c}"
EndProject
Project("{FAE04EC0-301F-11D3-BF4B-00C04F79EFBC}") = "Unity.Burst", "Unity.Burst.csproj", "{9416820c-e905-edf2-1c23-69fcc8e01c9d}"
EndProject
Project("{FAE04EC0-301F-11D3-BF4B-00C04F79EFBC}") = "Unity.TextMeshPro", "Unity.TextMeshPro.csproj", "{59171871-9797-bcd8-fc4e-634327d5054f}"
EndProject
Project("{FAE04EC0-301F-11D3-BF4B-00C04F79EFBC}") = "Cinemachine", "Cinemachine.csproj", "{e7b47dbc-3e05-737a-eb1b-8b59e2901b20}"
EndProject
Project("{FAE04EC0-301F-11D3-BF4B-00C04F79EFBC}") = "Unity.Timeline", "Unity.Timeline.csproj", "{76b46e72-60b0-2e3c-aa8a-f0566f0ed186}"
EndProject
Project("{FAE04EC0-301F-11D3-BF4B-00C04F79EFBC}") = "Unity.PlayerPrefsEditor.Samples.SampleScene", "Unity.PlayerPrefsEditor.Samples.SampleScene.csproj", "{95fbeb01-5e9a-424d-dc05-0845c886ee50}"
EndProject
Project("{FAE04EC0-301F-11D3-BF4B-00C04F79EFBC}") = "Unity.VisualScripting.Core.Editor", "Unity.VisualScripting.Core.Editor.csproj", "{8cbf10da-a3bb-1abf-031b-a0e7120489dd}"
EndProject
Project("{FAE04EC0-301F-11D3-BF4B-00C04F79EFBC}") = "Unity.VisualScripting.Flow.Editor", "Unity.VisualScripting.Flow.Editor.csproj", "{7b3d0b2e-8136-5141-8681-d4c260620806}"
EndProject
Project("{FAE04EC0-301F-11D3-BF4B-00C04F79EFBC}") = "Unity.VisualStudio.Editor", "Unity.VisualStudio.Editor.csproj", "{51bbcef9-2031-e558-45c7-5a123cb918e0}"
EndProject
Project("{FAE04EC0-301F-11D3-BF4B-00C04F79EFBC}") = "Unity.Timeline.Editor", "Unity.Timeline.Editor.csproj", "{9655b660-cf18-8302-980c-45e06ce9cd81}"
EndProject
Project("{FAE04EC0-301F-11D3-BF4B-00C04F79EFBC}") = "com.unity.cinemachine.editor", "com.unity.cinemachine.editor.csproj", "{384fe585-60e9-528e-b194-b63f18994126}"
EndProject
Project("{FAE04EC0-301F-11D3-BF4B-00C04F79EFBC}") = "Unity.VisualScripting.State.Editor", "Unity.VisualScripting.State.Editor.csproj", "{8e72f06a-3ebd-b6cd-16e4-912fd5ac2044}"
EndProject
Project("{FAE04EC0-301F-11D3-BF4B-00C04F79EFBC}") = "Unity.TextMeshPro.Editor", "Unity.TextMeshPro.Editor.csproj", "{e459d64a-e12c-6bd1-cc19-742d554e27d8}"
EndProject
Project("{FAE04EC0-301F-11D3-BF4B-00C04F79EFBC}") = "Unity.VisualScripting.SettingsProvider.Editor", "Unity.VisualScripting.SettingsProvider.Editor.csproj", "{c99d8298-3551-73c1-7f7c-603ec14c0b5b}"
EndProject
Project("{FAE04EC0-301F-11D3-BF4B-00C04F79EFBC}") = "UnityEditor.TestRunner", "UnityEditor.TestRunner.csproj", "{2f41ac66-9b84-82fa-d184-793caae4d3ee}"
EndProject
Project("{FAE04EC0-301F-11D3-BF4B-00C04F79EFBC}") = "Unity.Rider.Editor", "Unity.Rider.Editor.csproj", "{ed9a215d-9669-f34b-9b77-accd0baa3770}"
EndProject
Project("{FAE04EC0-301F-11D3-BF4B-00C04F79EFBC}") = "Unity.Searcher.Editor", "Unity.Searcher.Editor.csproj", "{00c5cd25-2b59-5a58-9ffc-0f8528fbfae5}"
EndProject
Project("{FAE04EC0-301F-11D3-BF4B-00C04F79EFBC}") = "Unity.Burst.CodeGen", "Unity.Burst.CodeGen.csproj", "{cac0e301-6265-8918-9e17-0c2536b68ba1}"
EndProject
Project("{FAE04EC0-301F-11D3-BF4B-00C04F79EFBC}") = "Unity.VSCode.Editor", "Unity.VSCode.Editor.csproj", "{65906432-c593-a3f1-455e-ccbc871e8728}"
EndProject
Project("{FAE04EC0-301F-11D3-BF4B-00C04F79EFBC}") = "Unity.PlayerPrefsEditor.Editor", "Unity.PlayerPrefsEditor.Editor.csproj", "{3b1fd0b3-fc25-fbd8-9b95-60e4054fcd44}"
EndProject
Project("{FAE04EC0-301F-11D3-BF4B-00C04F79EFBC}") = "Unity.Mathematics.Editor", "Unity.Mathematics.Editor.csproj", "{f2f99a81-d19d-2e48-4ee7-ca2fc1458a0a}"
EndProject
Project("{FAE04EC0-301F-11D3-BF4B-00C04F79EFBC}") = "Unity.Burst.Editor", "Unity.Burst.Editor.csproj", "{212fbef6-c7bf-62af-753a-1f168d5a4748}"
EndProject
Project("{FAE04EC0-301F-11D3-BF4B-00C04F79EFBC}") = "Assembly-CSharp-Editor", "Assembly-CSharp-Editor.csproj", "{551759ef-0366-45ce-6eb7-476e0cfe8773}"
EndProject
Project("{FAE04EC0-301F-11D3-BF4B-00C04F79EFBC}") = "Unity.VisualScripting.Shared.Editor", "Unity.VisualScripting.Shared.Editor.csproj", "{3f2be863-4657-dda4-6fb6-f04db86a4e8e}"
EndProject
Project("{FAE04EC0-301F-11D3-BF4B-00C04F79EFBC}") = "Unity.PlayerPrefsEditor.EditorResources", "Unity.PlayerPrefsEditor.EditorResources.csproj", "{1da238bb-85eb-e92d-9745-5bfcb0bf9436}"
EndProject
Project("{FAE04EC0-301F-11D3-BF4B-00C04F79EFBC}") = "Unity.Burst.Tests.UnitTests", "Unity.Burst.Tests.UnitTests.csproj", "{e72bade3-ae7d-c1c4-1fa8-e374e56bb8a7}"
EndProject
Project("{FAE04EC0-301F-11D3-BF4B-00C04F79EFBC}") = "Unity.Mathematics.Tests", "Unity.Mathematics.Tests.csproj", "{5d4f5e5e-e01b-635a-7e93-5c714a3b0bf9}"
EndProject
Project("{FAE04EC0-301F-11D3-BF4B-00C04F79EFBC}") = "Unity.TextMeshPro.Tests", "Unity.TextMeshPro.Tests.csproj", "{58b5befc-e65d-e5c3-4a47-d9b49b7229e1}"
EndProject
Project("{FAE04EC0-301F-11D3-BF4B-00C04F79EFBC}") = "Unity.Burst.Editor.Tests", "Unity.Burst.Editor.Tests.csproj", "{dc5d1099-a5cc-3c3f-5e22-5460d6d6531d}"
EndProject
Project("{FAE04EC0-301F-11D3-BF4B-00C04F79EFBC}") = "Unity.Searcher.EditorTests", "Unity.Searcher.EditorTests.csproj", "{46da69bc-e32e-f1a1-0b4e-fd50d4014f25}"
EndProject
Project("{FAE04EC0-301F-11D3-BF4B-00C04F79EFBC}") = "Unity.InputSystem.TestFramework", "Unity.InputSystem.TestFramework.csproj", "{3f7b9ccb-36d8-11cf-fe91-1b3c0376a7c3}"
EndProject
Project("{FAE04EC0-301F-11D3-BF4B-00C04F79EFBC}") = "DocCodeExamples", "DocCodeExamples.csproj", "{251f2494-51bf-2785-c1f9-fd635a15ead1}"
EndProject
Project("{FAE04EC0-301F-11D3-BF4B-00C04F79EFBC}") = "Unity.TextMeshPro.Editor.Tests", "Unity.TextMeshPro.Editor.Tests.csproj", "{bfc3b57b-8df9-af37-a313-e0bb0169ecf3}"
EndProject
Project("{FAE04EC0-301F-11D3-BF4B-00C04F79EFBC}") = "Unity.InputSystem.IntegrationTests", "Unity.InputSystem.IntegrationTests.csproj", "{90b3a730-2565-28f6-5779-4f31b62de30f}"
EndProject
Project("{FAE04EC0-301F-11D3-BF4B-00C04F79EFBC}") = "com.unity.cinemachine.EditorTests", "com.unity.cinemachine.EditorTests.csproj", "{04c80362-927f-b261-46b8-bc3550f336e1}"
EndProject
Project("{FAE04EC0-301F-11D3-BF4B-00C04F79EFBC}") = "SeparateAssembly", "SeparateAssembly.csproj", "{f3034fce-57fb-0edd-457f-f44ddb334e9a}"
EndProject
Project("{FAE04EC0-301F-11D3-BF4B-00C04F79EFBC}") = "com.unity.cinemachine.Tests", "com.unity.cinemachine.Tests.csproj", "{2cf79111-4b3e-0ddf-cfe7-cfc1eba51013}"
EndProject
Global
	GlobalSection(SolutionConfigurationPlatforms) = preSolution
		Debug|Any CPU = Debug|Any CPU
	EndGlobalSection
	GlobalSection(ProjectConfigurationPlatforms) = postSolution
		{28784b82-8526-d03b-ffbe-6fb2995a9d72}.Debug|Any CPU.ActiveCfg = Debug|Any CPU
		{28784b82-8526-d03b-ffbe-6fb2995a9d72}.Debug|Any CPU.Build.0 = Debug|Any CPU
		{df8b043b-e63e-2463-26b0-9264c8950bc0}.Debug|Any CPU.ActiveCfg = Debug|Any CPU
		{df8b043b-e63e-2463-26b0-9264c8950bc0}.Debug|Any CPU.Build.0 = Debug|Any CPU
		{f7516a84-ed43-382a-fe68-7afd18dcb2ee}.Debug|Any CPU.ActiveCfg = Debug|Any CPU
		{f7516a84-ed43-382a-fe68-7afd18dcb2ee}.Debug|Any CPU.Build.0 = Debug|Any CPU
		{6101ed82-6d50-0859-e063-13c08772f69d}.Debug|Any CPU.ActiveCfg = Debug|Any CPU
		{6101ed82-6d50-0859-e063-13c08772f69d}.Debug|Any CPU.Build.0 = Debug|Any CPU
		{6501dba9-e602-ff9d-ec04-f88eb188689d}.Debug|Any CPU.ActiveCfg = Debug|Any CPU
		{6501dba9-e602-ff9d-ec04-f88eb188689d}.Debug|Any CPU.Build.0 = Debug|Any CPU
		{d7e98942-6189-b4f5-c699-4e73025e48ab}.Debug|Any CPU.ActiveCfg = Debug|Any CPU
		{d7e98942-6189-b4f5-c699-4e73025e48ab}.Debug|Any CPU.Build.0 = Debug|Any CPU
		{1f4f5252-e4f4-57ec-3195-c16bf0cbb6f2}.Debug|Any CPU.ActiveCfg = Debug|Any CPU
		{1f4f5252-e4f4-57ec-3195-c16bf0cbb6f2}.Debug|Any CPU.Build.0 = Debug|Any CPU
		{e6e9faa7-aac7-3260-9832-247665057f88}.Debug|Any CPU.ActiveCfg = Debug|Any CPU
		{e6e9faa7-aac7-3260-9832-247665057f88}.Debug|Any CPU.Build.0 = Debug|Any CPU
		{060e1f7b-ab1a-5e4f-354d-70e44a1dfa9c}.Debug|Any CPU.ActiveCfg = Debug|Any CPU
		{060e1f7b-ab1a-5e4f-354d-70e44a1dfa9c}.Debug|Any CPU.Build.0 = Debug|Any CPU
		{9416820c-e905-edf2-1c23-69fcc8e01c9d}.Debug|Any CPU.ActiveCfg = Debug|Any CPU
		{9416820c-e905-edf2-1c23-69fcc8e01c9d}.Debug|Any CPU.Build.0 = Debug|Any CPU
		{59171871-9797-bcd8-fc4e-634327d5054f}.Debug|Any CPU.ActiveCfg = Debug|Any CPU
		{59171871-9797-bcd8-fc4e-634327d5054f}.Debug|Any CPU.Build.0 = Debug|Any CPU
		{e7b47dbc-3e05-737a-eb1b-8b59e2901b20}.Debug|Any CPU.ActiveCfg = Debug|Any CPU
		{e7b47dbc-3e05-737a-eb1b-8b59e2901b20}.Debug|Any CPU.Build.0 = Debug|Any CPU
		{76b46e72-60b0-2e3c-aa8a-f0566f0ed186}.Debug|Any CPU.ActiveCfg = Debug|Any CPU
		{76b46e72-60b0-2e3c-aa8a-f0566f0ed186}.Debug|Any CPU.Build.0 = Debug|Any CPU
		{95fbeb01-5e9a-424d-dc05-0845c886ee50}.Debug|Any CPU.ActiveCfg = Debug|Any CPU
		{95fbeb01-5e9a-424d-dc05-0845c886ee50}.Debug|Any CPU.Build.0 = Debug|Any CPU
		{8cbf10da-a3bb-1abf-031b-a0e7120489dd}.Debug|Any CPU.ActiveCfg = Debug|Any CPU
		{8cbf10da-a3bb-1abf-031b-a0e7120489dd}.Debug|Any CPU.Build.0 = Debug|Any CPU
		{7b3d0b2e-8136-5141-8681-d4c260620806}.Debug|Any CPU.ActiveCfg = Debug|Any CPU
		{7b3d0b2e-8136-5141-8681-d4c260620806}.Debug|Any CPU.Build.0 = Debug|Any CPU
		{51bbcef9-2031-e558-45c7-5a123cb918e0}.Debug|Any CPU.ActiveCfg = Debug|Any CPU
		{51bbcef9-2031-e558-45c7-5a123cb918e0}.Debug|Any CPU.Build.0 = Debug|Any CPU
		{9655b660-cf18-8302-980c-45e06ce9cd81}.Debug|Any CPU.ActiveCfg = Debug|Any CPU
		{9655b660-cf18-8302-980c-45e06ce9cd81}.Debug|Any CPU.Build.0 = Debug|Any CPU
		{384fe585-60e9-528e-b194-b63f18994126}.Debug|Any CPU.ActiveCfg = Debug|Any CPU
		{384fe585-60e9-528e-b194-b63f18994126}.Debug|Any CPU.Build.0 = Debug|Any CPU
		{8e72f06a-3ebd-b6cd-16e4-912fd5ac2044}.Debug|Any CPU.ActiveCfg = Debug|Any CPU
		{8e72f06a-3ebd-b6cd-16e4-912fd5ac2044}.Debug|Any CPU.Build.0 = Debug|Any CPU
		{e459d64a-e12c-6bd1-cc19-742d554e27d8}.Debug|Any CPU.ActiveCfg = Debug|Any CPU
		{e459d64a-e12c-6bd1-cc19-742d554e27d8}.Debug|Any CPU.Build.0 = Debug|Any CPU
		{c99d8298-3551-73c1-7f7c-603ec14c0b5b}.Debug|Any CPU.ActiveCfg = Debug|Any CPU
		{c99d8298-3551-73c1-7f7c-603ec14c0b5b}.Debug|Any CPU.Build.0 = Debug|Any CPU
		{2f41ac66-9b84-82fa-d184-793caae4d3ee}.Debug|Any CPU.ActiveCfg = Debug|Any CPU
		{2f41ac66-9b84-82fa-d184-793caae4d3ee}.Debug|Any CPU.Build.0 = Debug|Any CPU
		{ed9a215d-9669-f34b-9b77-accd0baa3770}.Debug|Any CPU.ActiveCfg = Debug|Any CPU
		{ed9a215d-9669-f34b-9b77-accd0baa3770}.Debug|Any CPU.Build.0 = Debug|Any CPU
		{00c5cd25-2b59-5a58-9ffc-0f8528fbfae5}.Debug|Any CPU.ActiveCfg = Debug|Any CPU
		{00c5cd25-2b59-5a58-9ffc-0f8528fbfae5}.Debug|Any CPU.Build.0 = Debug|Any CPU
		{cac0e301-6265-8918-9e17-0c2536b68ba1}.Debug|Any CPU.ActiveCfg = Debug|Any CPU
		{cac0e301-6265-8918-9e17-0c2536b68ba1}.Debug|Any CPU.Build.0 = Debug|Any CPU
		{65906432-c593-a3f1-455e-ccbc871e8728}.Debug|Any CPU.ActiveCfg = Debug|Any CPU
		{65906432-c593-a3f1-455e-ccbc871e8728}.Debug|Any CPU.Build.0 = Debug|Any CPU
		{3b1fd0b3-fc25-fbd8-9b95-60e4054fcd44}.Debug|Any CPU.ActiveCfg = Debug|Any CPU
		{3b1fd0b3-fc25-fbd8-9b95-60e4054fcd44}.Debug|Any CPU.Build.0 = Debug|Any CPU
		{f2f99a81-d19d-2e48-4ee7-ca2fc1458a0a}.Debug|Any CPU.ActiveCfg = Debug|Any CPU
		{f2f99a81-d19d-2e48-4ee7-ca2fc1458a0a}.Debug|Any CPU.Build.0 = Debug|Any CPU
		{212fbef6-c7bf-62af-753a-1f168d5a4748}.Debug|Any CPU.ActiveCfg = Debug|Any CPU
		{212fbef6-c7bf-62af-753a-1f168d5a4748}.Debug|Any CPU.Build.0 = Debug|Any CPU
		{551759ef-0366-45ce-6eb7-476e0cfe8773}.Debug|Any CPU.ActiveCfg = Debug|Any CPU
		{551759ef-0366-45ce-6eb7-476e0cfe8773}.Debug|Any CPU.Build.0 = Debug|Any CPU
		{3f2be863-4657-dda4-6fb6-f04db86a4e8e}.Debug|Any CPU.ActiveCfg = Debug|Any CPU
		{3f2be863-4657-dda4-6fb6-f04db86a4e8e}.Debug|Any CPU.Build.0 = Debug|Any CPU
		{1da238bb-85eb-e92d-9745-5bfcb0bf9436}.Debug|Any CPU.ActiveCfg = Debug|Any CPU
		{1da238bb-85eb-e92d-9745-5bfcb0bf9436}.Debug|Any CPU.Build.0 = Debug|Any CPU
		{e72bade3-ae7d-c1c4-1fa8-e374e56bb8a7}.Debug|Any CPU.ActiveCfg = Debug|Any CPU
		{e72bade3-ae7d-c1c4-1fa8-e374e56bb8a7}.Debug|Any CPU.Build.0 = Debug|Any CPU
		{5d4f5e5e-e01b-635a-7e93-5c714a3b0bf9}.Debug|Any CPU.ActiveCfg = Debug|Any CPU
		{5d4f5e5e-e01b-635a-7e93-5c714a3b0bf9}.Debug|Any CPU.Build.0 = Debug|Any CPU
		{58b5befc-e65d-e5c3-4a47-d9b49b7229e1}.Debug|Any CPU.ActiveCfg = Debug|Any CPU
		{58b5befc-e65d-e5c3-4a47-d9b49b7229e1}.Debug|Any CPU.Build.0 = Debug|Any CPU
		{dc5d1099-a5cc-3c3f-5e22-5460d6d6531d}.Debug|Any CPU.ActiveCfg = Debug|Any CPU
		{dc5d1099-a5cc-3c3f-5e22-5460d6d6531d}.Debug|Any CPU.Build.0 = Debug|Any CPU
		{46da69bc-e32e-f1a1-0b4e-fd50d4014f25}.Debug|Any CPU.ActiveCfg = Debug|Any CPU
		{46da69bc-e32e-f1a1-0b4e-fd50d4014f25}.Debug|Any CPU.Build.0 = Debug|Any CPU
		{3f7b9ccb-36d8-11cf-fe91-1b3c0376a7c3}.Debug|Any CPU.ActiveCfg = Debug|Any CPU
		{3f7b9ccb-36d8-11cf-fe91-1b3c0376a7c3}.Debug|Any CPU.Build.0 = Debug|Any CPU
		{251f2494-51bf-2785-c1f9-fd635a15ead1}.Debug|Any CPU.ActiveCfg = Debug|Any CPU
		{251f2494-51bf-2785-c1f9-fd635a15ead1}.Debug|Any CPU.Build.0 = Debug|Any CPU
		{bfc3b57b-8df9-af37-a313-e0bb0169ecf3}.Debug|Any CPU.ActiveCfg = Debug|Any CPU
		{bfc3b57b-8df9-af37-a313-e0bb0169ecf3}.Debug|Any CPU.Build.0 = Debug|Any CPU
		{90b3a730-2565-28f6-5779-4f31b62de30f}.Debug|Any CPU.ActiveCfg = Debug|Any CPU
		{90b3a730-2565-28f6-5779-4f31b62de30f}.Debug|Any CPU.Build.0 = Debug|Any CPU
		{04c80362-927f-b261-46b8-bc3550f336e1}.Debug|Any CPU.ActiveCfg = Debug|Any CPU
		{04c80362-927f-b261-46b8-bc3550f336e1}.Debug|Any CPU.Build.0 = Debug|Any CPU
		{f3034fce-57fb-0edd-457f-f44ddb334e9a}.Debug|Any CPU.ActiveCfg = Debug|Any CPU
		{f3034fce-57fb-0edd-457f-f44ddb334e9a}.Debug|Any CPU.Build.0 = Debug|Any CPU
		{2cf79111-4b3e-0ddf-cfe7-cfc1eba51013}.Debug|Any CPU.ActiveCfg = Debug|Any CPU
		{2cf79111-4b3e-0ddf-cfe7-cfc1eba51013}.Debug|Any CPU.Build.0 = Debug|Any CPU
	EndGlobalSection
	GlobalSection(SolutionProperties) = preSolution
		HideSolutionNode = FALSE
	EndGlobalSection
EndGlobal
